
Microsoft Visual Studio Solution File, Format Version 12.00
# Visual Studio 15
Project("{FAE04EC0-301F-11D3-BF4B-00C04F79EFBC}") = "Assembly-CSharp", "Assembly-CSharp.csproj", "{24147965-48E0-17B4-6E29-46F02954FD57}"
EndProject
Project("{FAE04EC0-301F-11D3-BF4B-00C04F79EFBC}") = "Assembly-CSharp-Editor", "Assembly-CSharp-Editor.csproj", "{463C4DE9-6A97-C355-3FAE-D1DFFEA5FE5F}"
EndProject
Project("{FAE04EC0-301F-11D3-BF4B-00C04F79EFBC}") = "Unity.Texture2DArrayImportPipeline.Editor", "Unity.Texture2DArrayImportPipeline.Editor.csproj", "{DC6E7677-EEB0-B168-0A6B-271D4A090B36}"
EndProject
Project("{FAE04EC0-301F-11D3-BF4B-00C04F79EFBC}") = "Unity.Texture2DArrayImportPipeline.Editor.Tests", "Unity.Texture2DArrayImportPipeline.Editor.Tests.csproj", "{09CB41B9-5AF1-E3E3-2870-C8C07F4ADCF7}"
EndProject
Global
	GlobalSection(SolutionConfigurationPlatforms) = preSolution
		Debug|Any CPU = Debug|Any CPU
		Release|Any CPU = Release|Any CPU
	EndGlobalSection
	GlobalSection(ProjectConfigurationPlatforms) = postSolution
		{24147965-48E0-17B4-6E29-46F02954FD57}.Debug|Any CPU.ActiveCfg = Debug|Any CPU
		{24147965-48E0-17B4-6E29-46F02954FD57}.Debug|Any CPU.Build.0 = Debug|Any CPU
		{24147965-48E0-17B4-6E29-46F02954FD57}.Release|Any CPU.ActiveCfg = Release|Any CPU
		{24147965-48E0-17B4-6E29-46F02954FD57}.Release|Any CPU.Build.0 = Release|Any CPU
		{463C4DE9-6A97-C355-3FAE-D1DFFEA5FE5F}.Debug|Any CPU.ActiveCfg = Debug|Any CPU
		{463C4DE9-6A97-C355-3FAE-D1DFFEA5FE5F}.Debug|Any CPU.Build.0 = Debug|Any CPU
		{463C4DE9-6A97-C355-3FAE-D1DFFEA5FE5F}.Release|Any CPU.ActiveCfg = Release|Any CPU
		{463C4DE9-6A97-C355-3FAE-D1DFFEA5FE5F}.Release|Any CPU.Build.0 = Release|Any CPU
		{DC6E7677-EEB0-B168-0A6B-271D4A090B36}.Debug|Any CPU.ActiveCfg = Debug|Any CPU
		{DC6E7677-EEB0-B168-0A6B-271D4A090B36}.Debug|Any CPU.Build.0 = Debug|Any CPU
		{DC6E7677-EEB0-B168-0A6B-271D4A090B36}.Release|Any CPU.ActiveCfg = Release|Any CPU
		{DC6E7677-EEB0-B168-0A6B-271D4A090B36}.Release|Any CPU.Build.0 = Release|Any CPU
		{09CB41B9-5AF1-E3E3-2870-C8C07F4ADCF7}.Debug|Any CPU.ActiveCfg = Debug|Any CPU
		{09CB41B9-5AF1-E3E3-2870-C8C07F4ADCF7}.Debug|Any CPU.Build.0 = Debug|Any CPU
		{09CB41B9-5AF1-E3E3-2870-C8C07F4ADCF7}.Release|Any CPU.ActiveCfg = Release|Any CPU
		{09CB41B9-5AF1-E3E3-2870-C8C07F4ADCF7}.Release|Any CPU.Build.0 = Release|Any CPU
	EndGlobalSection
	GlobalSection(SolutionProperties) = preSolution
		HideSolutionNode = FALSE
	EndGlobalSection
EndGlobal
